
Microsoft Visual Studio Solution File, Format Version 12.00
# Visual Studio Version 16
VisualStudioVersion = 25.0.1705.1
MinimumVisualStudioVersion = 10.0.40219.1
Project("{FAE04EC0-301F-11D3-BF4B-00C04F79EFBC}") = "TheLockedDoor", "TheLockedDoor\TheLockedDoor.csproj", "{6A64E980-5D1C-4B38-AD77-ED050397E187}"
EndProject
Global
	GlobalSection(SolutionConfigurationPlatforms) = preSolution
		Debug|Any CPU = Debug|Any CPU
		Release|Any CPU = Release|Any CPU
	EndGlobalSection
	GlobalSection(ProjectConfigurationPlatforms) = postSolution
		{6A64E980-5D1C-4B38-AD77-ED050397E187}.Debug|Any CPU.ActiveCfg = Debug|Any CPU
		{6A64E980-5D1C-4B38-AD77-ED050397E187}.Debug|Any CPU.Build.0 = Debug|Any CPU
		{6A64E980-5D1C-4B38-AD77-ED050397E187}.Release|Any CPU.ActiveCfg = Release|Any CPU
		{6A64E980-5D1C-4B38-AD77-ED050397E187}.Release|Any CPU.Build.0 = Release|Any CPU
	EndGlobalSection
	GlobalSection(SolutionProperties) = preSolution
		HideSolutionNode = FALSE
	EndGlobalSection
	GlobalSection(ExtensibilityGlobals) = postSolution
		SolutionGuid = {E54F9F1C-536C-4B0D-91B3-E2576DACA88F}
	EndGlobalSection
EndGlobal
