
Microsoft Visual Studio Solution File, Format Version 12.00
# Visual Studio Version 16
VisualStudioVersion = 25.0.1705.1
MinimumVisualStudioVersion = 10.0.40219.1
Project("{FAE04EC0-301F-11D3-BF4B-00C04F79EFBC}") = "Hangman", "Hangman\Hangman.csproj", "{A2B72AB9-23AA-4E01-A932-FE39D80CE1F8}"
EndProject
Global
	GlobalSection(SolutionConfigurationPlatforms) = preSolution
		Debug|Any CPU = Debug|Any CPU
		Release|Any CPU = Release|Any CPU
	EndGlobalSection
	GlobalSection(ProjectConfigurationPlatforms) = postSolution
		{A2B72AB9-23AA-4E01-A932-FE39D80CE1F8}.Debug|Any CPU.ActiveCfg = Debug|Any CPU
		{A2B72AB9-23AA-4E01-A932-FE39D80CE1F8}.Debug|Any CPU.Build.0 = Debug|Any CPU
		{A2B72AB9-23AA-4E01-A932-FE39D80CE1F8}.Release|Any CPU.ActiveCfg = Release|Any CPU
		{A2B72AB9-23AA-4E01-A932-FE39D80CE1F8}.Release|Any CPU.Build.0 = Release|Any CPU
	EndGlobalSection
	GlobalSection(SolutionProperties) = preSolution
		HideSolutionNode = FALSE
	EndGlobalSection
	GlobalSection(ExtensibilityGlobals) = postSolution
		SolutionGuid = {CDF7F0B6-1418-44A2-B302-C48C09A8F537}
	EndGlobalSection
EndGlobal
