
Microsoft Visual Studio Solution File, Format Version 12.00
# Visual Studio Version 16
VisualStudioVersion = 25.0.1705.0
MinimumVisualStudioVersion = 10.0.40219.1
Project("{FAE04EC0-301F-11D3-BF4B-00C04F79EFBC}") = "HuntingTheManticoreConsoleGame", "HuntingTheManticoreConsoleGame\HuntingTheManticoreConsoleGame.csproj", "{DE5C7F4D-0F6C-4928-82B6-D12C389AA885}"
EndProject
Global
	GlobalSection(SolutionConfigurationPlatforms) = preSolution
		Debug|Any CPU = Debug|Any CPU
		Release|Any CPU = Release|Any CPU
	EndGlobalSection
	GlobalSection(ProjectConfigurationPlatforms) = postSolution
		{DE5C7F4D-0F6C-4928-82B6-D12C389AA885}.Debug|Any CPU.ActiveCfg = Debug|Any CPU
		{DE5C7F4D-0F6C-4928-82B6-D12C389AA885}.Debug|Any CPU.Build.0 = Debug|Any CPU
		{DE5C7F4D-0F6C-4928-82B6-D12C389AA885}.Release|Any CPU.ActiveCfg = Release|Any CPU
		{DE5C7F4D-0F6C-4928-82B6-D12C389AA885}.Release|Any CPU.Build.0 = Release|Any CPU
	EndGlobalSection
	GlobalSection(SolutionProperties) = preSolution
		HideSolutionNode = FALSE
	EndGlobalSection
	GlobalSection(ExtensibilityGlobals) = postSolution
		SolutionGuid = {9B196BCB-4EB1-425C-8B17-62DDF9DBBA93}
	EndGlobalSection
EndGlobal
